
Microsoft Visual Studio Solution File, Format Version 12.00
# Visual Studio Version 17
VisualStudioVersion = 17.9.34714.143
MinimumVisualStudioVersion = 10.0.40219.1
Project("{FAE04EC0-301F-11D3-BF4B-00C04F79EFBC}") = "codefirst-graphql-example", "codefirst-graphql-example\codefirst-graphql-example.csproj", "{3AD4A7E3-9920-429B-9308-E42B28A4BCF6}"
EndProject
Global
	GlobalSection(SolutionConfigurationPlatforms) = preSolution
		Debug|Any CPU = Debug|Any CPU
		Release|Any CPU = Release|Any CPU
	EndGlobalSection
	GlobalSection(ProjectConfigurationPlatforms) = postSolution
		{3AD4A7E3-9920-429B-9308-E42B28A4BCF6}.Debug|Any CPU.ActiveCfg = Debug|Any CPU
		{3AD4A7E3-9920-429B-9308-E42B28A4BCF6}.Debug|Any CPU.Build.0 = Debug|Any CPU
		{3AD4A7E3-9920-429B-9308-E42B28A4BCF6}.Release|Any CPU.ActiveCfg = Release|Any CPU
		{3AD4A7E3-9920-429B-9308-E42B28A4BCF6}.Release|Any CPU.Build.0 = Release|Any CPU
	EndGlobalSection
	GlobalSection(SolutionProperties) = preSolution
		HideSolutionNode = FALSE
	EndGlobalSection
	GlobalSection(ExtensibilityGlobals) = postSolution
		SolutionGuid = {41A07642-16B5-464D-9387-0467E5CCD743}
	EndGlobalSection
EndGlobal
